
Microsoft Visual Studio Solution File, Format Version 12.00
# Visual Studio Version 16
VisualStudioVersion = 16.0.31205.134
MinimumVisualStudioVersion = 10.0.40219.1
Project("{FAE04EC0-301F-11D3-BF4B-00C04F79EFBC}") = "CalculatingCubicBezierExercise", "CalculatingCubicBezierExercise\CalculatingCubicBezierExercise.csproj", "{DFC60D41-B40A-49A8-A921-375D56973DC9}"
EndProject
Global
	GlobalSection(SolutionConfigurationPlatforms) = preSolution
		Debug|Any CPU = Debug|Any CPU
		Release|Any CPU = Release|Any CPU
	EndGlobalSection
	GlobalSection(ProjectConfigurationPlatforms) = postSolution
		{DFC60D41-B40A-49A8-A921-375D56973DC9}.Debug|Any CPU.ActiveCfg = Debug|Any CPU
		{DFC60D41-B40A-49A8-A921-375D56973DC9}.Debug|Any CPU.Build.0 = Debug|Any CPU
		{DFC60D41-B40A-49A8-A921-375D56973DC9}.Release|Any CPU.ActiveCfg = Release|Any CPU
		{DFC60D41-B40A-49A8-A921-375D56973DC9}.Release|Any CPU.Build.0 = Release|Any CPU
	EndGlobalSection
	GlobalSection(SolutionProperties) = preSolution
		HideSolutionNode = FALSE
	EndGlobalSection
	GlobalSection(ExtensibilityGlobals) = postSolution
		SolutionGuid = {8BC3F0FC-A265-4EFD-8BDB-FC184CCD4D4C}
	EndGlobalSection
EndGlobal
